
Microsoft Visual Studio Solution File, Format Version 12.00
# Visual Studio 15
Project("{FAE04EC0-301F-11D3-BF4B-00C04F79EFBC}") = "Assembly-CSharp", "Assembly-CSharp.csproj", "{C36359E2-C8F3-A644-0C72-248BE819C80F}"
EndProject
Project("{FAE04EC0-301F-11D3-BF4B-00C04F79EFBC}") = "Assembly-CSharp-firstpass", "Assembly-CSharp-firstpass.csproj", "{AA79F6FD-4E90-DAD5-8F40-F8B10F8A7692}"
EndProject
Project("{FAE04EC0-301F-11D3-BF4B-00C04F79EFBC}") = "Assembly-CSharp-Editor-firstpass", "Assembly-CSharp-Editor-firstpass.csproj", "{CF7AE639-5436-C5E6-36C5-888DF8B434BB}"
EndProject
Project("{FAE04EC0-301F-11D3-BF4B-00C04F79EFBC}") = "Assembly-CSharp-Editor", "Assembly-CSharp-Editor.csproj", "{859089E9-1E4F-3CA8-ECB9-6285BEA87137}"
EndProject
Global
	GlobalSection(SolutionConfigurationPlatforms) = preSolution
		Debug|Any CPU = Debug|Any CPU
		Release|Any CPU = Release|Any CPU
	EndGlobalSection
	GlobalSection(ProjectConfigurationPlatforms) = postSolution
		{C36359E2-C8F3-A644-0C72-248BE819C80F}.Debug|Any CPU.ActiveCfg = Debug|Any CPU
		{C36359E2-C8F3-A644-0C72-248BE819C80F}.Debug|Any CPU.Build.0 = Debug|Any CPU
		{C36359E2-C8F3-A644-0C72-248BE819C80F}.Release|Any CPU.ActiveCfg = Release|Any CPU
		{C36359E2-C8F3-A644-0C72-248BE819C80F}.Release|Any CPU.Build.0 = Release|Any CPU
		{AA79F6FD-4E90-DAD5-8F40-F8B10F8A7692}.Debug|Any CPU.ActiveCfg = Debug|Any CPU
		{AA79F6FD-4E90-DAD5-8F40-F8B10F8A7692}.Debug|Any CPU.Build.0 = Debug|Any CPU
		{AA79F6FD-4E90-DAD5-8F40-F8B10F8A7692}.Release|Any CPU.ActiveCfg = Release|Any CPU
		{AA79F6FD-4E90-DAD5-8F40-F8B10F8A7692}.Release|Any CPU.Build.0 = Release|Any CPU
		{CF7AE639-5436-C5E6-36C5-888DF8B434BB}.Debug|Any CPU.ActiveCfg = Debug|Any CPU
		{CF7AE639-5436-C5E6-36C5-888DF8B434BB}.Debug|Any CPU.Build.0 = Debug|Any CPU
		{CF7AE639-5436-C5E6-36C5-888DF8B434BB}.Release|Any CPU.ActiveCfg = Release|Any CPU
		{CF7AE639-5436-C5E6-36C5-888DF8B434BB}.Release|Any CPU.Build.0 = Release|Any CPU
		{859089E9-1E4F-3CA8-ECB9-6285BEA87137}.Debug|Any CPU.ActiveCfg = Debug|Any CPU
		{859089E9-1E4F-3CA8-ECB9-6285BEA87137}.Debug|Any CPU.Build.0 = Debug|Any CPU
		{859089E9-1E4F-3CA8-ECB9-6285BEA87137}.Release|Any CPU.ActiveCfg = Release|Any CPU
		{859089E9-1E4F-3CA8-ECB9-6285BEA87137}.Release|Any CPU.Build.0 = Release|Any CPU
	EndGlobalSection
	GlobalSection(SolutionProperties) = preSolution
		HideSolutionNode = FALSE
	EndGlobalSection
EndGlobal
