
Microsoft Visual Studio Solution File, Format Version 12.00
# Visual Studio 15
Project("{FAE04EC0-301F-11D3-BF4B-00C04F79EFBC}") = "SA.Android", "SA.Android.csproj", "{C9E752CA-82FC-A8ED-4A2C-FE0ECE96D127}"
EndProject
Project("{FAE04EC0-301F-11D3-BF4B-00C04F79EFBC}") = "SA.iOS", "SA.iOS.csproj", "{2628F9D5-1325-6EB6-94A7-14F6ACDC6710}"
EndProject
Project("{FAE04EC0-301F-11D3-BF4B-00C04F79EFBC}") = "SA.CrossPlatform", "SA.CrossPlatform.csproj", "{00AE39AB-354C-D5BF-5C85-51000BFDFE37}"
EndProject
Project("{FAE04EC0-301F-11D3-BF4B-00C04F79EFBC}") = "Assembly-CSharp-firstpass", "Assembly-CSharp-firstpass.csproj", "{AA79F6FD-4E90-DAD5-8F40-F8B10F8A7692}"
EndProject
Project("{FAE04EC0-301F-11D3-BF4B-00C04F79EFBC}") = "SA.Foundation", "SA.Foundation.csproj", "{6C4C679F-41D1-2E71-4E2A-A8B4FD5D3F3E}"
EndProject
Project("{FAE04EC0-301F-11D3-BF4B-00C04F79EFBC}") = "SA.Foundation.Tests", "SA.Foundation.Tests.csproj", "{ECAA7676-6F04-A8A8-E829-C68A6D8BE103}"
EndProject
Project("{FAE04EC0-301F-11D3-BF4B-00C04F79EFBC}") = "Assembly-CSharp", "Assembly-CSharp.csproj", "{C36359E2-C8F3-A644-0C72-248BE819C80F}"
EndProject
Project("{FAE04EC0-301F-11D3-BF4B-00C04F79EFBC}") = "SA.CrossPlatform.Tests", "SA.CrossPlatform.Tests.csproj", "{8A1A1BD6-78B1-7F8C-33D5-1FE6076BCE68}"
EndProject
Project("{FAE04EC0-301F-11D3-BF4B-00C04F79EFBC}") = "SA.Facebook", "SA.Facebook.csproj", "{DB20FB91-DFFA-8DE7-715F-2438678BB1AC}"
EndProject
Project("{FAE04EC0-301F-11D3-BF4B-00C04F79EFBC}") = "SA.GIF", "SA.GIF.csproj", "{A453166C-C7D9-AD4A-1664-99195A48C79D}"
EndProject
Project("{FAE04EC0-301F-11D3-BF4B-00C04F79EFBC}") = "SA.iOS.XCode", "SA.iOS.XCode.csproj", "{CE1ABE80-A584-D60C-9EA5-5384834FDA69}"
EndProject
Project("{FAE04EC0-301F-11D3-BF4B-00C04F79EFBC}") = "SA.Android.Manifest", "SA.Android.Manifest.csproj", "{5CA7822C-462D-2175-5726-B4CD51D76AAB}"
EndProject
Project("{FAE04EC0-301F-11D3-BF4B-00C04F79EFBC}") = "SA.Foundation.Network", "SA.Foundation.Network.csproj", "{C2A9B1E1-A341-8C7C-43AC-9CF0DBF8642D}"
EndProject
Project("{FAE04EC0-301F-11D3-BF4B-00C04F79EFBC}") = "SA.Facebook.Editor", "SA.Facebook.Editor.csproj", "{22D018D7-DD38-CD3C-459B-9BAA9D433509}"
EndProject
Project("{FAE04EC0-301F-11D3-BF4B-00C04F79EFBC}") = "SA.Android.Editor", "SA.Android.Editor.csproj", "{30F2866B-6D62-57F3-113B-421192F7B731}"
EndProject
Project("{FAE04EC0-301F-11D3-BF4B-00C04F79EFBC}") = "SA.Foundation.ThirdParty.Editor", "SA.Foundation.ThirdParty.Editor.csproj", "{60E13CA1-DA63-C08F-5D1D-E5D05CA9F4F2}"
EndProject
Project("{FAE04EC0-301F-11D3-BF4B-00C04F79EFBC}") = "SA.Foundation.Tests.Editor", "SA.Foundation.Tests.Editor.csproj", "{7A13AABD-5485-9ABE-FCA4-513100EFD70F}"
EndProject
Project("{FAE04EC0-301F-11D3-BF4B-00C04F79EFBC}") = "SA.iOS.Editor", "SA.iOS.Editor.csproj", "{F878F3A3-24E8-8940-91BB-5D236F272147}"
EndProject
Project("{FAE04EC0-301F-11D3-BF4B-00C04F79EFBC}") = "SA.Foundation.Editor", "SA.Foundation.Editor.csproj", "{8502B3F2-13A4-BAC7-4056-2DFEB3394412}"
EndProject
Project("{FAE04EC0-301F-11D3-BF4B-00C04F79EFBC}") = "SA.CrossPlatform.Editor", "SA.CrossPlatform.Editor.csproj", "{9CFD7ED3-78C1-E976-1B20-0CA549D0A1C3}"
EndProject
Project("{FAE04EC0-301F-11D3-BF4B-00C04F79EFBC}") = "Assembly-CSharp-Editor-firstpass", "Assembly-CSharp-Editor-firstpass.csproj", "{CF7AE639-5436-C5E6-36C5-888DF8B434BB}"
EndProject
Project("{FAE04EC0-301F-11D3-BF4B-00C04F79EFBC}") = "SA.Android.Manifest.Editor", "SA.Android.Manifest.Editor.csproj", "{81C7D927-4CF8-0291-1D50-871A24EC2FDB}"
EndProject
Project("{FAE04EC0-301F-11D3-BF4B-00C04F79EFBC}") = "SA.iOS.XCode.Editor", "SA.iOS.XCode.Editor.csproj", "{0F7D545B-A7F4-9873-56CC-FFCD58F21014}"
EndProject
Project("{FAE04EC0-301F-11D3-BF4B-00C04F79EFBC}") = "Assembly-CSharp-Editor", "Assembly-CSharp-Editor.csproj", "{859089E9-1E4F-3CA8-ECB9-6285BEA87137}"
EndProject
Global
	GlobalSection(SolutionConfigurationPlatforms) = preSolution
		Debug|Any CPU = Debug|Any CPU
		Release|Any CPU = Release|Any CPU
	EndGlobalSection
	GlobalSection(ProjectConfigurationPlatforms) = postSolution
		{C9E752CA-82FC-A8ED-4A2C-FE0ECE96D127}.Debug|Any CPU.ActiveCfg = Debug|Any CPU
		{C9E752CA-82FC-A8ED-4A2C-FE0ECE96D127}.Debug|Any CPU.Build.0 = Debug|Any CPU
		{C9E752CA-82FC-A8ED-4A2C-FE0ECE96D127}.Release|Any CPU.ActiveCfg = Release|Any CPU
		{C9E752CA-82FC-A8ED-4A2C-FE0ECE96D127}.Release|Any CPU.Build.0 = Release|Any CPU
		{2628F9D5-1325-6EB6-94A7-14F6ACDC6710}.Debug|Any CPU.ActiveCfg = Debug|Any CPU
		{2628F9D5-1325-6EB6-94A7-14F6ACDC6710}.Debug|Any CPU.Build.0 = Debug|Any CPU
		{2628F9D5-1325-6EB6-94A7-14F6ACDC6710}.Release|Any CPU.ActiveCfg = Release|Any CPU
		{2628F9D5-1325-6EB6-94A7-14F6ACDC6710}.Release|Any CPU.Build.0 = Release|Any CPU
		{00AE39AB-354C-D5BF-5C85-51000BFDFE37}.Debug|Any CPU.ActiveCfg = Debug|Any CPU
		{00AE39AB-354C-D5BF-5C85-51000BFDFE37}.Debug|Any CPU.Build.0 = Debug|Any CPU
		{00AE39AB-354C-D5BF-5C85-51000BFDFE37}.Release|Any CPU.ActiveCfg = Release|Any CPU
		{00AE39AB-354C-D5BF-5C85-51000BFDFE37}.Release|Any CPU.Build.0 = Release|Any CPU
		{AA79F6FD-4E90-DAD5-8F40-F8B10F8A7692}.Debug|Any CPU.ActiveCfg = Debug|Any CPU
		{AA79F6FD-4E90-DAD5-8F40-F8B10F8A7692}.Debug|Any CPU.Build.0 = Debug|Any CPU
		{AA79F6FD-4E90-DAD5-8F40-F8B10F8A7692}.Release|Any CPU.ActiveCfg = Release|Any CPU
		{AA79F6FD-4E90-DAD5-8F40-F8B10F8A7692}.Release|Any CPU.Build.0 = Release|Any CPU
		{6C4C679F-41D1-2E71-4E2A-A8B4FD5D3F3E}.Debug|Any CPU.ActiveCfg = Debug|Any CPU
		{6C4C679F-41D1-2E71-4E2A-A8B4FD5D3F3E}.Debug|Any CPU.Build.0 = Debug|Any CPU
		{6C4C679F-41D1-2E71-4E2A-A8B4FD5D3F3E}.Release|Any CPU.ActiveCfg = Release|Any CPU
		{6C4C679F-41D1-2E71-4E2A-A8B4FD5D3F3E}.Release|Any CPU.Build.0 = Release|Any CPU
		{ECAA7676-6F04-A8A8-E829-C68A6D8BE103}.Debug|Any CPU.ActiveCfg = Debug|Any CPU
		{ECAA7676-6F04-A8A8-E829-C68A6D8BE103}.Debug|Any CPU.Build.0 = Debug|Any CPU
		{ECAA7676-6F04-A8A8-E829-C68A6D8BE103}.Release|Any CPU.ActiveCfg = Release|Any CPU
		{ECAA7676-6F04-A8A8-E829-C68A6D8BE103}.Release|Any CPU.Build.0 = Release|Any CPU
		{C36359E2-C8F3-A644-0C72-248BE819C80F}.Debug|Any CPU.ActiveCfg = Debug|Any CPU
		{C36359E2-C8F3-A644-0C72-248BE819C80F}.Debug|Any CPU.Build.0 = Debug|Any CPU
		{C36359E2-C8F3-A644-0C72-248BE819C80F}.Release|Any CPU.ActiveCfg = Release|Any CPU
		{C36359E2-C8F3-A644-0C72-248BE819C80F}.Release|Any CPU.Build.0 = Release|Any CPU
		{8A1A1BD6-78B1-7F8C-33D5-1FE6076BCE68}.Debug|Any CPU.ActiveCfg = Debug|Any CPU
		{8A1A1BD6-78B1-7F8C-33D5-1FE6076BCE68}.Debug|Any CPU.Build.0 = Debug|Any CPU
		{8A1A1BD6-78B1-7F8C-33D5-1FE6076BCE68}.Release|Any CPU.ActiveCfg = Release|Any CPU
		{8A1A1BD6-78B1-7F8C-33D5-1FE6076BCE68}.Release|Any CPU.Build.0 = Release|Any CPU
		{DB20FB91-DFFA-8DE7-715F-2438678BB1AC}.Debug|Any CPU.ActiveCfg = Debug|Any CPU
		{DB20FB91-DFFA-8DE7-715F-2438678BB1AC}.Debug|Any CPU.Build.0 = Debug|Any CPU
		{DB20FB91-DFFA-8DE7-715F-2438678BB1AC}.Release|Any CPU.ActiveCfg = Release|Any CPU
		{DB20FB91-DFFA-8DE7-715F-2438678BB1AC}.Release|Any CPU.Build.0 = Release|Any CPU
		{A453166C-C7D9-AD4A-1664-99195A48C79D}.Debug|Any CPU.ActiveCfg = Debug|Any CPU
		{A453166C-C7D9-AD4A-1664-99195A48C79D}.Debug|Any CPU.Build.0 = Debug|Any CPU
		{A453166C-C7D9-AD4A-1664-99195A48C79D}.Release|Any CPU.ActiveCfg = Release|Any CPU
		{A453166C-C7D9-AD4A-1664-99195A48C79D}.Release|Any CPU.Build.0 = Release|Any CPU
		{CE1ABE80-A584-D60C-9EA5-5384834FDA69}.Debug|Any CPU.ActiveCfg = Debug|Any CPU
		{CE1ABE80-A584-D60C-9EA5-5384834FDA69}.Debug|Any CPU.Build.0 = Debug|Any CPU
		{CE1ABE80-A584-D60C-9EA5-5384834FDA69}.Release|Any CPU.ActiveCfg = Release|Any CPU
		{CE1ABE80-A584-D60C-9EA5-5384834FDA69}.Release|Any CPU.Build.0 = Release|Any CPU
		{5CA7822C-462D-2175-5726-B4CD51D76AAB}.Debug|Any CPU.ActiveCfg = Debug|Any CPU
		{5CA7822C-462D-2175-5726-B4CD51D76AAB}.Debug|Any CPU.Build.0 = Debug|Any CPU
		{5CA7822C-462D-2175-5726-B4CD51D76AAB}.Release|Any CPU.ActiveCfg = Release|Any CPU
		{5CA7822C-462D-2175-5726-B4CD51D76AAB}.Release|Any CPU.Build.0 = Release|Any CPU
		{C2A9B1E1-A341-8C7C-43AC-9CF0DBF8642D}.Debug|Any CPU.ActiveCfg = Debug|Any CPU
		{C2A9B1E1-A341-8C7C-43AC-9CF0DBF8642D}.Debug|Any CPU.Build.0 = Debug|Any CPU
		{C2A9B1E1-A341-8C7C-43AC-9CF0DBF8642D}.Release|Any CPU.ActiveCfg = Release|Any CPU
		{C2A9B1E1-A341-8C7C-43AC-9CF0DBF8642D}.Release|Any CPU.Build.0 = Release|Any CPU
		{22D018D7-DD38-CD3C-459B-9BAA9D433509}.Debug|Any CPU.ActiveCfg = Debug|Any CPU
		{22D018D7-DD38-CD3C-459B-9BAA9D433509}.Debug|Any CPU.Build.0 = Debug|Any CPU
		{22D018D7-DD38-CD3C-459B-9BAA9D433509}.Release|Any CPU.ActiveCfg = Release|Any CPU
		{22D018D7-DD38-CD3C-459B-9BAA9D433509}.Release|Any CPU.Build.0 = Release|Any CPU
		{30F2866B-6D62-57F3-113B-421192F7B731}.Debug|Any CPU.ActiveCfg = Debug|Any CPU
		{30F2866B-6D62-57F3-113B-421192F7B731}.Debug|Any CPU.Build.0 = Debug|Any CPU
		{30F2866B-6D62-57F3-113B-421192F7B731}.Release|Any CPU.ActiveCfg = Release|Any CPU
		{30F2866B-6D62-57F3-113B-421192F7B731}.Release|Any CPU.Build.0 = Release|Any CPU
		{60E13CA1-DA63-C08F-5D1D-E5D05CA9F4F2}.Debug|Any CPU.ActiveCfg = Debug|Any CPU
		{60E13CA1-DA63-C08F-5D1D-E5D05CA9F4F2}.Debug|Any CPU.Build.0 = Debug|Any CPU
		{60E13CA1-DA63-C08F-5D1D-E5D05CA9F4F2}.Release|Any CPU.ActiveCfg = Release|Any CPU
		{60E13CA1-DA63-C08F-5D1D-E5D05CA9F4F2}.Release|Any CPU.Build.0 = Release|Any CPU
		{7A13AABD-5485-9ABE-FCA4-513100EFD70F}.Debug|Any CPU.ActiveCfg = Debug|Any CPU
		{7A13AABD-5485-9ABE-FCA4-513100EFD70F}.Debug|Any CPU.Build.0 = Debug|Any CPU
		{7A13AABD-5485-9ABE-FCA4-513100EFD70F}.Release|Any CPU.ActiveCfg = Release|Any CPU
		{7A13AABD-5485-9ABE-FCA4-513100EFD70F}.Release|Any CPU.Build.0 = Release|Any CPU
		{F878F3A3-24E8-8940-91BB-5D236F272147}.Debug|Any CPU.ActiveCfg = Debug|Any CPU
		{F878F3A3-24E8-8940-91BB-5D236F272147}.Debug|Any CPU.Build.0 = Debug|Any CPU
		{F878F3A3-24E8-8940-91BB-5D236F272147}.Release|Any CPU.ActiveCfg = Release|Any CPU
		{F878F3A3-24E8-8940-91BB-5D236F272147}.Release|Any CPU.Build.0 = Release|Any CPU
		{8502B3F2-13A4-BAC7-4056-2DFEB3394412}.Debug|Any CPU.ActiveCfg = Debug|Any CPU
		{8502B3F2-13A4-BAC7-4056-2DFEB3394412}.Debug|Any CPU.Build.0 = Debug|Any CPU
		{8502B3F2-13A4-BAC7-4056-2DFEB3394412}.Release|Any CPU.ActiveCfg = Release|Any CPU
		{8502B3F2-13A4-BAC7-4056-2DFEB3394412}.Release|Any CPU.Build.0 = Release|Any CPU
		{9CFD7ED3-78C1-E976-1B20-0CA549D0A1C3}.Debug|Any CPU.ActiveCfg = Debug|Any CPU
		{9CFD7ED3-78C1-E976-1B20-0CA549D0A1C3}.Debug|Any CPU.Build.0 = Debug|Any CPU
		{9CFD7ED3-78C1-E976-1B20-0CA549D0A1C3}.Release|Any CPU.ActiveCfg = Release|Any CPU
		{9CFD7ED3-78C1-E976-1B20-0CA549D0A1C3}.Release|Any CPU.Build.0 = Release|Any CPU
		{CF7AE639-5436-C5E6-36C5-888DF8B434BB}.Debug|Any CPU.ActiveCfg = Debug|Any CPU
		{CF7AE639-5436-C5E6-36C5-888DF8B434BB}.Debug|Any CPU.Build.0 = Debug|Any CPU
		{CF7AE639-5436-C5E6-36C5-888DF8B434BB}.Release|Any CPU.ActiveCfg = Release|Any CPU
		{CF7AE639-5436-C5E6-36C5-888DF8B434BB}.Release|Any CPU.Build.0 = Release|Any CPU
		{81C7D927-4CF8-0291-1D50-871A24EC2FDB}.Debug|Any CPU.ActiveCfg = Debug|Any CPU
		{81C7D927-4CF8-0291-1D50-871A24EC2FDB}.Debug|Any CPU.Build.0 = Debug|Any CPU
		{81C7D927-4CF8-0291-1D50-871A24EC2FDB}.Release|Any CPU.ActiveCfg = Release|Any CPU
		{81C7D927-4CF8-0291-1D50-871A24EC2FDB}.Release|Any CPU.Build.0 = Release|Any CPU
		{0F7D545B-A7F4-9873-56CC-FFCD58F21014}.Debug|Any CPU.ActiveCfg = Debug|Any CPU
		{0F7D545B-A7F4-9873-56CC-FFCD58F21014}.Debug|Any CPU.Build.0 = Debug|Any CPU
		{0F7D545B-A7F4-9873-56CC-FFCD58F21014}.Release|Any CPU.ActiveCfg = Release|Any CPU
		{0F7D545B-A7F4-9873-56CC-FFCD58F21014}.Release|Any CPU.Build.0 = Release|Any CPU
		{859089E9-1E4F-3CA8-ECB9-6285BEA87137}.Debug|Any CPU.ActiveCfg = Debug|Any CPU
		{859089E9-1E4F-3CA8-ECB9-6285BEA87137}.Debug|Any CPU.Build.0 = Debug|Any CPU
		{859089E9-1E4F-3CA8-ECB9-6285BEA87137}.Release|Any CPU.ActiveCfg = Release|Any CPU
		{859089E9-1E4F-3CA8-ECB9-6285BEA87137}.Release|Any CPU.Build.0 = Release|Any CPU
	EndGlobalSection
	GlobalSection(SolutionProperties) = preSolution
		HideSolutionNode = FALSE
	EndGlobalSection
EndGlobal
